// !$*UTF8*$!
{
	archiveVersion = 1;
	classes = {
	};
	objectVersion = 46;
	objects = {

/* Begin PBXBuildFile section */
		4ECB89891DB3D6D3006BC403 /* AppDelegate.swift in Sources */ = {isa = PBXBuildFile; fileRef = 4ECB89881DB3D6D3006BC403 /* AppDelegate.swift */; };
		4ECB898B1DB3D6D3006BC403 /* ViewController.swift in Sources */ = {isa = PBXBuildFile; fileRef = 4ECB898A1DB3D6D3006BC403 /* ViewController.swift */; };
		4ECB898E1DB3D6D4006BC403 /* Main.storyboard in Resources */ = {isa = PBXBuildFile; fileRef = 4ECB898C1DB3D6D4006BC403 /* Main.storyboard */; };
		4ECB89901DB3D6D4006BC403 /* Assets.xcassets in Resources */ = {isa = PBXBuildFile; fileRef = 4ECB898F1DB3D6D4006BC403 /* Assets.xcassets */; };
		4ECB89931DB3D6D4006BC403 /* LaunchScreen.storyboard in Resources */ = {isa = PBXBuildFile; fileRef = 4ECB89911DB3D6D4006BC403 /* LaunchScreen.storyboard */; };
/* End PBXBuildFile section */

/* Begin PBXFileReference section */
		4ECB89851DB3D6D3006BC403 /* AppQuote.app */ = {isa = PBXFileReference; explicitFileType = wrapper.application; includeInIndex = 0; path = AppQuote.app; sourceTree = BUILT_PRODUCTS_DIR; };
		4ECB89881DB3D6D3006BC403 /* AppDelegate.swift */ = {isa = PBXFileReference; lastKnownFileType = sourcecode.swift; path = AppDelegate.swift; sourceTree = "<group>"; };
		4ECB898A1DB3D6D3006BC403 /* ViewController.swift */ = {isa = PBXFileReference; lastKnownFileType = sourcecode.swift; path = ViewController.swift; sourceTree = "<group>"; };
		4ECB898D1DB3D6D4006BC403 /* Base */ = {isa = PBXFileReference; lastKnownFileType = file.storyboard; name = Base; path = Base.lproj/Main.storyboard; sourceTree = "<group>"; };
		4ECB898F1DB3D6D4006BC403 /* Assets.xcassets */ = {isa = PBXFileReference; lastKnownFileType = folder.assetcatalog; path = Assets.xcassets; sourceTree = "<group>"; };
		4ECB89921DB3D6D4006BC403 /* Base */ = {isa = PBXFileReference; lastKnownFileType = file.storyboard; name = Base; path = Base.lproj/LaunchScreen.storyboard; sourceTree = "<group>"; };
		4ECB89941DB3D6D4006BC403 /* Info.plist */ = {isa = PBXFileReference; lastKnownFileType = text.plist.xml; path = Info.plist; sourceTree = "<group>"; };
/* End PBXFileReference section */

/* Begin PBXFrameworksBuildPhase section */
		4ECB89821DB3D6D3006BC403 /* Frameworks */ = {
			isa = PBXFrameworksBuildPhase;
			buildActionMask = 2147483647;
			files = (
			);
			runOnlyForDeploymentPostprocessing = 0;
		};
/* End PBXFrameworksBuildPhase section */

/* Begin PBXGroup section */
		4ECB897C1DB3D6D3006BC403 = {
			isa = PBXGroup;
			children = (
				4ECB89871DB3D6D3006BC403 /* AppQuote */,
				4ECB89861DB3D6D3006BC403 /* Products */,
			);
			sourceTree = "<group>";
		};
		4ECB89861DB3D6D3006BC403 /* Products */ = {
			isa = PBXGroup;
			children = (
				4ECB89851DB3D6D3006BC403 /* AppQuote.app */,
			);
			name = Products;
			sourceTree = "<group>";
		};
		4ECB89871DB3D6D3006BC403 /* AppQuote */ = {
			isa = PBXGroup;
			children = (
				4ECB89881DB3D6D3006BC403 /* AppDelegate.swift */,
				4ECB898A1DB3D6D3006BC403 /* ViewController.swift */,
				4ECB898C1DB3D6D4006BC403 /* Main.storyboard */,
				4ECB898F1DB3D6D4006BC403 /* Assets.xcassets */,
				4ECB89911DB3D6D4006BC403 /* LaunchScreen.storyboard */,
				4ECB89941DB3D6D4006BC403 /* Info.plist */,
			);
			path = AppQuote;
			sourceTree = "<group>";
		};
/* End PBXGroup section */

/* Begin PBXNativeTarget section */
		4ECB89841DB3D6D3006BC403 /* AppQuote */ = {
			isa = PBXNativeTarget;
			buildConfigurationList = 4ECB89971DB3D6D4006BC403 /* Build configuration list for PBXNativeTarget "AppQuote" */;
			buildPhases = (
				4ECB89811DB3D6D3006BC403 /* Sources */,
				4ECB89821DB3D6D3006BC403 /* Frameworks */,
				4ECB89831DB3D6D3006BC403 /* Resources */,
			);
			buildRules = (
			);
			dependencies = (
			);
			name = AppQuote;
			productName = AppQuote;
			productReference = 4ECB89851DB3D6D3006BC403 /* AppQuote.app */;
			productType = "com.apple.product-type.application";
		};
/* End PBXNativeTarget section */

/* Begin PBXProject section */
		4ECB897D1DB3D6D3006BC403 /* Project object */ = {
			isa = PBXProject;
			attributes = {
				LastSwiftUpdateCheck = 0800;
				LastUpgradeCheck = 0800;
				ORGANIZATIONNAME = "Patrice white";
				TargetAttributes = {
					4ECB89841DB3D6D3006BC403 = {
						CreatedOnToolsVersion = 8.0;
						ProvisioningStyle = Automatic;
					};
				};
			};
			buildConfigurationList = 4ECB89801DB3D6D3006BC403 /* Build configuration list for PBXProject "AppQuote" */;
			compatibilityVersion = "Xcode 3.2";
			developmentRegion = English;
			hasScannedForEncodings = 0;
			knownRegions = (
				en,
				Base,
			);
			mainGroup = 4ECB897C1DB3D6D3006BC403;
			productRefGroup = 4ECB89861DB3D6D3006BC403 /* Products */;
			projectDirPath = "";
			projectRoot = "";
			targets = (
				4ECB89841DB3D6D3006BC403 /* AppQuote */,
			);
		};
/* End PBXProject section */

/* Begin PBXResourcesBuildPhase section */
		4ECB89831DB3D6D3006BC403 /* Resources */ = {
			isa = PBXResourcesBuildPhase;
			buildActionMask = 2147483647;
			files = (
				4ECB89931DB3D6D4006BC403 /* LaunchScreen.storyboard in Resources */,
				4ECB89901DB3D6D4006BC403 /* Assets.xcassets in Resources */,
				4ECB898E1DB3D6D4006BC403 /* Main.storyboard in Resources */,
			);
			runOnlyForDeploymentPostprocessing = 0;
		};
/* End PBXResourcesBuildPhase section */

/* Begin PBXSourcesBuildPhase section */
		4ECB89811DB3D6D3006BC403 /* Sources */ = {
			isa = PBXSourcesBuildPhase;
			buildActionMask = 2147483647;
			files = (
				4ECB898B1DB3D6D3006BC403 /* ViewController.swift in Sources */,
				4ECB89891DB3D6D3006BC403 /* AppDelegate.swift in Sources */,
			);
			runOnlyForDeploymentPostprocessing = 0;
		};
/* End PBXSourcesBuildPhase section */

/* Begin PBXVariantGroup section */
		4ECB898C1DB3D6D4006BC403 /* Main.storyboard */ = {
			isa = PBXVariantGroup;
			children = (
				4ECB898D1DB3D6D4006BC403 /* Base */,
			);
			name = Main.storyboard;
			sourceTree = "<group>";
		};
		4ECB89911DB3D6D4006BC403 /* LaunchScreen.storyboard */ = {
			isa = PBXVariantGroup;
			children = (
				4ECB89921DB3D6D4006BC403 /* Base */,
			);
			name = LaunchScreen.storyboard;
			sourceTree = "<group>";
		};
/* End PBXVariantGroup section */

/* Begin XCBuildConfiguration section */
		4ECB89951DB3D6D4006BC403 /* Debug */ = {
			isa = XCBuildConfiguration;
			buildSettings = {
				ALWAYS_SEARCH_USER_PATHS = NO;
				CLANG_ANALYZER_NONNULL = YES;
				CLANG_CXX_LANGUAGE_STANDARD = "gnu++0x";
				CLANG_CXX_LIBRARY = "libc++";
				CLANG_ENABLE_MODULES = YES;
				CLANG_ENABLE_OBJC_ARC = YES;
				CLANG_WARN_BOOL_CONVERSION = YES;
				CLANG_WARN_CONSTANT_CONVERSION = YES;
				CLANG_WARN_DIRECT_OBJC_ISA_USAGE = YES_ERROR;
				CLANG_WARN_DOCUMENTATION_COMMENTS = YES;
				CLANG_WARN_EMPTY_BODY = YES;
				CLANG_WARN_ENUM_CONVERSION = YES;
				CLANG_WARN_INFINITE_RECURSION = YES;
				CLANG_WARN_INT_CONVERSION = YES;
				CLANG_WARN_OBJC_ROOT_CLASS = YES_ERROR;
				CLANG_WARN_SUSPICIOUS_MOVES = YES;
				CLANG_WARN_UNREACHABLE_CODE = YES;
				CLANG_WARN__DUPLICATE_METHOD_MATCH = YES;
				"CODE_SIGN_IDENTITY[sdk=iphoneos*]" = "iPhone Developer";
				COPY_PHASE_STRIP = NO;
				DEBUG_INFORMATION_FORMAT = dwarf;
				ENABLE_STRICT_OBJC_MSGSEND = YES;
				ENABLE_TESTABILITY = YES;
				GCC_C_LANGUAGE_STANDARD = gnu99;
				GCC_DYNAMIC_NO_PIC = NO;
				GCC_NO_COMMON_BLOCKS = YES;
				GCC_OPTIMIZATION_LEVEL = 0;
				GCC_PREPROCESSOR_DEFINITIONS = (
					"DEBUG=1",
					"$(inherited)",
				);
				GCC_WARN_64_TO_32_BIT_CONVERSION = YES;
				GCC_WARN_ABOUT_RETURN_TYPE = YES_ERROR;
				GCC_WARN_UNDECLARED_SELECTOR = YES;
				GCC_WARN_UNINITIALIZED_AUTOS = YES_AGGRESSIVE;
				GCC_WARN_UNUSED_FUNCTION = YES;
				GCC_WARN_UNUSED_VARIABLE = YES;
				IPHONEOS_DEPLOYMENT_TARGET = 10.0;
				MTL_ENABLE_DEBUG_INFO = YES;
				ONLY_ACTIVE_ARCH = YES;
				SDKROOT = iphoneos;
				SWIFT_ACTIVE_COMPILATION_CONDITIONS = DEBUG;
				SWIFT_OPTIMIZATION_LEVEL = "-Onone";
				TARGETED_DEVICE_FAMILY = "1,2";
			};
			name = Debug;
		};
		4ECB89961DB3D6D4006BC403 /* Release */ = {
			isa = XCBuildConfiguration;
			buildSettings = {
				ALWAYS_SEARCH_USER_PATHS = NO;
				CLANG_ANALYZER_NONNULL = YES;
				CLANG_CXX_LANGUAGE_STANDARD = "gnu++0x";
				CLANG_CXX_LIBRARY = "libc++";
				CLANG_ENABLE_MODULES = YES;
				CLANG_ENABLE_OBJC_ARC = YES;
				CLANG_WARN_BOOL_CONVERSION = YES;
				CLANG_WARN_CONSTANT_CONVERSION = YES;
				CLANG_WARN_DIRECT_OBJC_ISA_USAGE = YES_ERROR;
				CLANG_WARN_DOCUMENTATION_COMMENTS = YES;
				CLANG_WARN_EMPTY_BODY = YES;
				CLANG_WARN_ENUM_CONVERSION = YES;
				CLANG_WARN_INFINITE_RECURSION = YES;
				CLANG_WARN_INT_CONVERSION = YES;
				CLANG_WARN_OBJC_ROOT_CLASS = YES_ERROR;
				CLANG_WARN_SUSPICIOUS_MOVES = YES;
				CLANG_WARN_UNREACHABLE_CODE = YES;
				CLANG_WARN__DUPLICATE_METHOD_MATCH = YES;
				"CODE_SIGN_IDENTITY[sdk=iphoneos*]" = "iPhone Developer";
				COPY_PHASE_STRIP = NO;
				DEBUG_INFORMATION_FORMAT = "dwarf-with-dsym";
				ENABLE_NS_ASSERTIONS = NO;
				ENABLE_STRICT_OBJC_MSGSEND = YES;
				GCC_C_LANGUAGE_STANDARD = gnu99;
				GCC_NO_COMMON_BLOCKS = YES;
				GCC_WARN_64_TO_32_BIT_CONVERSION = YES;
				GCC_WARN_ABOUT_RETURN_TYPE = YES_ERROR;
				GCC_WARN_UNDECLARED_SELECTOR = YES;
				GCC_WARN_UNINITIALIZED_AUTOS = YES_AGGRESSIVE;
				GCC_WARN_UNUSED_FUNCTION = YES;
				GCC_WARN_UNUSED_VARIABLE = YES;
				IPHONEOS_DEPLOYMENT_TARGET = 10.0;
				MTL_ENABLE_DEBUG_INFO = NO;
				SDKROOT = iphoneos;
				SWIFT_OPTIMIZATION_LEVEL = "-Owholemodule";
				TARGETED_DEVICE_FAMILY = "1,2";
				VALIDATE_PRODUCT = YES;
			};
			name = Release;
		};
		4ECB89981DB3D6D4006BC403 /* Debug */ = {
			isa = XCBuildConfiguration;
			buildSettings = {
				ASSETCATALOG_COMPILER_APPICON_NAME = AppIcon;
				INFOPLIST_FILE = AppQuote/Info.plist;
				LD_RUNPATH_SEARCH_PATHS = "$(inherited) @executable_path/Frameworks";
				PRODUCT_BUNDLE_IDENTIFIER = com.patrice.AppQuote;
				PRODUCT_NAME = "$(TARGET_NAME)";
				SWIFT_VERSION = 3.0;
			};
			name = Debug;
		};
		4ECB89991DB3D6D4006BC403 /* Release */ = {
			isa = XCBuildConfiguration;
			buildSettings = {
				ASSETCATALOG_COMPILER_APPICON_NAME = AppIcon;
				INFOPLIST_FILE = AppQuote/Info.plist;
				LD_RUNPATH_SEARCH_PATHS = "$(inherited) @executable_path/Frameworks";
				PRODUCT_BUNDLE_IDENTIFIER = com.patrice.AppQuote;
				PRODUCT_NAME = "$(TARGET_NAME)";
				SWIFT_VERSION = 3.0;
			};
			name = Release;
		};
/* End XCBuildConfiguration section */

/* Begin XCConfigurationList section */
		4ECB89801DB3D6D3006BC403 /* Build configuration list for PBXProject "AppQuote" */ = {
			isa = XCConfigurationList;
			buildConfigurations = (
				4ECB89951DB3D6D4006BC403 /* Debug */,
				4ECB89961DB3D6D4006BC403 /* Release */,
			);
			defaultConfigurationIsVisible = 0;
			defaultConfigurationName = Release;
		};
		4ECB89971DB3D6D4006BC403 /* Build configuration list for PBXNativeTarget "AppQuote" */ = {
			isa = XCConfigurationList;
			buildConfigurations = (
				4ECB89981DB3D6D4006BC403 /* Debug */,
				4ECB89991DB3D6D4006BC403 /* Release */,
			);
			defaultConfigurationIsVisible = 0;
		};
/* End XCConfigurationList section */
	};
	rootObject = 4ECB897D1DB3D6D3006BC403 /* Project object */;
}
