// !$*UTF8*$!
{
	archiveVersion = 1;
	classes = {
	};
	objectVersion = 46;
	objects = {

/* Begin PBXBuildFile section */
		4E694A291DBEA3F300BB5867 /* AppDelegate.swift in Sources */ = {isa = PBXBuildFile; fileRef = 4E694A281DBEA3F300BB5867 /* AppDelegate.swift */; };
		4E694A2E1DBEA3F300BB5867 /* Main.storyboard in Resources */ = {isa = PBXBuildFile; fileRef = 4E694A2C1DBEA3F300BB5867 /* Main.storyboard */; };
		4E694A301DBEA3F300BB5867 /* Assets.xcassets in Resources */ = {isa = PBXBuildFile; fileRef = 4E694A2F1DBEA3F300BB5867 /* Assets.xcassets */; };
		4E694A331DBEA3F300BB5867 /* LaunchScreen.storyboard in Resources */ = {isa = PBXBuildFile; fileRef = 4E694A311DBEA3F300BB5867 /* LaunchScreen.storyboard */; };
		4E79A7001DBF0A79009A8223 /* LogInViewController.swift in Sources */ = {isa = PBXBuildFile; fileRef = 4E79A6FF1DBF0A79009A8223 /* LogInViewController.swift */; };
		4E79A7021DBF0AC8009A8223 /* SignUpViewController.swift in Sources */ = {isa = PBXBuildFile; fileRef = 4E79A7011DBF0AC8009A8223 /* SignUpViewController.swift */; };
		4E79A7041DBF0B09009A8223 /* ResetPasswordViewController.swift in Sources */ = {isa = PBXBuildFile; fileRef = 4E79A7031DBF0B09009A8223 /* ResetPasswordViewController.swift */; };
		4E79A7061DBF1C1D009A8223 /* NetworkingService.swift in Sources */ = {isa = PBXBuildFile; fileRef = 4E79A7051DBF1C1D009A8223 /* NetworkingService.swift */; };
		4EFCBDBE1DBEEA3100F82055 /* GoogleService-Info.plist in Resources */ = {isa = PBXBuildFile; fileRef = 4EFCBDBD1DBEEA3100F82055 /* GoogleService-Info.plist */; };
		E610837480FF0EBBC5C5A13D /* Pods_PasswordRecovery.framework in Frameworks */ = {isa = PBXBuildFile; fileRef = 72AEAABFA75432645C9108A5 /* Pods_PasswordRecovery.framework */; };
/* End PBXBuildFile section */

/* Begin PBXFileReference section */
		143D67DECB2BEA6FFDC8CD1C /* Pods-PasswordRecovery.debug.xcconfig */ = {isa = PBXFileReference; includeInIndex = 1; lastKnownFileType = text.xcconfig; name = "Pods-PasswordRecovery.debug.xcconfig"; path = "Pods/Target Support Files/Pods-PasswordRecovery/Pods-PasswordRecovery.debug.xcconfig"; sourceTree = "<group>"; };
		4E694A251DBEA3F300BB5867 /* PasswordRecovery.app */ = {isa = PBXFileReference; explicitFileType = wrapper.application; includeInIndex = 0; path = PasswordRecovery.app; sourceTree = BUILT_PRODUCTS_DIR; };
		4E694A281DBEA3F300BB5867 /* AppDelegate.swift */ = {isa = PBXFileReference; lastKnownFileType = sourcecode.swift; path = AppDelegate.swift; sourceTree = "<group>"; };
		4E694A2D1DBEA3F300BB5867 /* Base */ = {isa = PBXFileReference; lastKnownFileType = file.storyboard; name = Base; path = Base.lproj/Main.storyboard; sourceTree = "<group>"; };
		4E694A2F1DBEA3F300BB5867 /* Assets.xcassets */ = {isa = PBXFileReference; lastKnownFileType = folder.assetcatalog; path = Assets.xcassets; sourceTree = "<group>"; };
		4E694A321DBEA3F300BB5867 /* Base */ = {isa = PBXFileReference; lastKnownFileType = file.storyboard; name = Base; path = Base.lproj/LaunchScreen.storyboard; sourceTree = "<group>"; };
		4E694A341DBEA3F300BB5867 /* Info.plist */ = {isa = PBXFileReference; lastKnownFileType = text.plist.xml; path = Info.plist; sourceTree = "<group>"; };
		4E79A6FF1DBF0A79009A8223 /* LogInViewController.swift */ = {isa = PBXFileReference; fileEncoding = 4; lastKnownFileType = sourcecode.swift; name = LogInViewController.swift; path = ../LogInViewController.swift; sourceTree = "<group>"; };
		4E79A7011DBF0AC8009A8223 /* SignUpViewController.swift */ = {isa = PBXFileReference; fileEncoding = 4; lastKnownFileType = sourcecode.swift; name = SignUpViewController.swift; path = ../SignUpViewController.swift; sourceTree = "<group>"; };
		4E79A7031DBF0B09009A8223 /* ResetPasswordViewController.swift */ = {isa = PBXFileReference; fileEncoding = 4; lastKnownFileType = sourcecode.swift; path = ResetPasswordViewController.swift; sourceTree = "<group>"; };
		4E79A7051DBF1C1D009A8223 /* NetworkingService.swift */ = {isa = PBXFileReference; fileEncoding = 4; lastKnownFileType = sourcecode.swift; path = NetworkingService.swift; sourceTree = "<group>"; };
		4EFCBDBD1DBEEA3100F82055 /* GoogleService-Info.plist */ = {isa = PBXFileReference; fileEncoding = 4; lastKnownFileType = text.plist.xml; name = "GoogleService-Info.plist"; path = "../../GoogleService-Info.plist"; sourceTree = "<group>"; };
		72AEAABFA75432645C9108A5 /* Pods_PasswordRecovery.framework */ = {isa = PBXFileReference; explicitFileType = wrapper.framework; includeInIndex = 0; path = Pods_PasswordRecovery.framework; sourceTree = BUILT_PRODUCTS_DIR; };
		9744D606D322F24C560656CC /* Pods-PasswordRecovery.release.xcconfig */ = {isa = PBXFileReference; includeInIndex = 1; lastKnownFileType = text.xcconfig; name = "Pods-PasswordRecovery.release.xcconfig"; path = "Pods/Target Support Files/Pods-PasswordRecovery/Pods-PasswordRecovery.release.xcconfig"; sourceTree = "<group>"; };
/* End PBXFileReference section */

/* Begin PBXFrameworksBuildPhase section */
		4E694A221DBEA3F200BB5867 /* Frameworks */ = {
			isa = PBXFrameworksBuildPhase;
			buildActionMask = 2147483647;
			files = (
				E610837480FF0EBBC5C5A13D /* Pods_PasswordRecovery.framework in Frameworks */,
			);
			runOnlyForDeploymentPostprocessing = 0;
		};
/* End PBXFrameworksBuildPhase section */

/* Begin PBXGroup section */
		4E694A1C1DBEA3F200BB5867 = {
			isa = PBXGroup;
			children = (
				4E694A271DBEA3F300BB5867 /* PasswordRecovery */,
				4E694A261DBEA3F300BB5867 /* Products */,
				7C456B9B0BC2766B31899C03 /* Pods */,
				AAE3694C3CA41408F7BF8FFE /* Frameworks */,
			);
			sourceTree = "<group>";
		};
		4E694A261DBEA3F300BB5867 /* Products */ = {
			isa = PBXGroup;
			children = (
				4E694A251DBEA3F300BB5867 /* PasswordRecovery.app */,
			);
			name = Products;
			sourceTree = "<group>";
		};
		4E694A271DBEA3F300BB5867 /* PasswordRecovery */ = {
			isa = PBXGroup;
			children = (
				4E79A7031DBF0B09009A8223 /* ResetPasswordViewController.swift */,
				4E79A7011DBF0AC8009A8223 /* SignUpViewController.swift */,
				4E79A6FF1DBF0A79009A8223 /* LogInViewController.swift */,
				4E694A281DBEA3F300BB5867 /* AppDelegate.swift */,
				4E694A2C1DBEA3F300BB5867 /* Main.storyboard */,
				4E79A7051DBF1C1D009A8223 /* NetworkingService.swift */,
				4E694A2F1DBEA3F300BB5867 /* Assets.xcassets */,
				4E694A311DBEA3F300BB5867 /* LaunchScreen.storyboard */,
				4E694A341DBEA3F300BB5867 /* Info.plist */,
				4EFCBDBD1DBEEA3100F82055 /* GoogleService-Info.plist */,
			);
			path = PasswordRecovery;
			sourceTree = "<group>";
		};
		7C456B9B0BC2766B31899C03 /* Pods */ = {
			isa = PBXGroup;
			children = (
				143D67DECB2BEA6FFDC8CD1C /* Pods-PasswordRecovery.debug.xcconfig */,
				9744D606D322F24C560656CC /* Pods-PasswordRecovery.release.xcconfig */,
			);
			name = Pods;
			sourceTree = "<group>";
		};
		AAE3694C3CA41408F7BF8FFE /* Frameworks */ = {
			isa = PBXGroup;
			children = (
				72AEAABFA75432645C9108A5 /* Pods_PasswordRecovery.framework */,
			);
			name = Frameworks;
			sourceTree = "<group>";
		};
/* End PBXGroup section */

/* Begin PBXNativeTarget section */
		4E694A241DBEA3F200BB5867 /* PasswordRecovery */ = {
			isa = PBXNativeTarget;
			buildConfigurationList = 4E694A371DBEA3F300BB5867 /* Build configuration list for PBXNativeTarget "PasswordRecovery" */;
			buildPhases = (
				3CA00D95B85A1ADBC0CACC28 /* [CP] Check Pods Manifest.lock */,
				4E694A211DBEA3F200BB5867 /* Sources */,
				4E694A221DBEA3F200BB5867 /* Frameworks */,
				4E694A231DBEA3F200BB5867 /* Resources */,
				25291D7EB3A7B08EA632CE68 /* [CP] Embed Pods Frameworks */,
				00124DF87160867632CE2263 /* [CP] Copy Pods Resources */,
			);
			buildRules = (
			);
			dependencies = (
			);
			name = PasswordRecovery;
			productName = PasswordRecovery;
			productReference = 4E694A251DBEA3F300BB5867 /* PasswordRecovery.app */;
			productType = "com.apple.product-type.application";
		};
/* End PBXNativeTarget section */

/* Begin PBXProject section */
		4E694A1D1DBEA3F200BB5867 /* Project object */ = {
			isa = PBXProject;
			attributes = {
				LastSwiftUpdateCheck = 0800;
				LastUpgradeCheck = 0800;
				ORGANIZATIONNAME = "Patrice white";
				TargetAttributes = {
					4E694A241DBEA3F200BB5867 = {
						CreatedOnToolsVersion = 8.0;
						DevelopmentTeam = TLRQEGA7H3;
						ProvisioningStyle = Automatic;
					};
				};
			};
			buildConfigurationList = 4E694A201DBEA3F200BB5867 /* Build configuration list for PBXProject "PasswordRecovery" */;
			compatibilityVersion = "Xcode 3.2";
			developmentRegion = English;
			hasScannedForEncodings = 0;
			knownRegions = (
				en,
				Base,
			);
			mainGroup = 4E694A1C1DBEA3F200BB5867;
			productRefGroup = 4E694A261DBEA3F300BB5867 /* Products */;
			projectDirPath = "";
			projectRoot = "";
			targets = (
				4E694A241DBEA3F200BB5867 /* PasswordRecovery */,
			);
		};
/* End PBXProject section */

/* Begin PBXResourcesBuildPhase section */
		4E694A231DBEA3F200BB5867 /* Resources */ = {
			isa = PBXResourcesBuildPhase;
			buildActionMask = 2147483647;
			files = (
				4E694A331DBEA3F300BB5867 /* LaunchScreen.storyboard in Resources */,
				4EFCBDBE1DBEEA3100F82055 /* GoogleService-Info.plist in Resources */,
				4E694A301DBEA3F300BB5867 /* Assets.xcassets in Resources */,
				4E694A2E1DBEA3F300BB5867 /* Main.storyboard in Resources */,
			);
			runOnlyForDeploymentPostprocessing = 0;
		};
/* End PBXResourcesBuildPhase section */

/* Begin PBXShellScriptBuildPhase section */
		00124DF87160867632CE2263 /* [CP] Copy Pods Resources */ = {
			isa = PBXShellScriptBuildPhase;
			buildActionMask = 2147483647;
			files = (
			);
			inputPaths = (
			);
			name = "[CP] Copy Pods Resources";
			outputPaths = (
			);
			runOnlyForDeploymentPostprocessing = 0;
			shellPath = /bin/sh;
			shellScript = "\"${SRCROOT}/Pods/Target Support Files/Pods-PasswordRecovery/Pods-PasswordRecovery-resources.sh\"\n";
			showEnvVarsInLog = 0;
		};
		25291D7EB3A7B08EA632CE68 /* [CP] Embed Pods Frameworks */ = {
			isa = PBXShellScriptBuildPhase;
			buildActionMask = 2147483647;
			files = (
			);
			inputPaths = (
			);
			name = "[CP] Embed Pods Frameworks";
			outputPaths = (
			);
			runOnlyForDeploymentPostprocessing = 0;
			shellPath = /bin/sh;
			shellScript = "\"${SRCROOT}/Pods/Target Support Files/Pods-PasswordRecovery/Pods-PasswordRecovery-frameworks.sh\"\n";
			showEnvVarsInLog = 0;
		};
		3CA00D95B85A1ADBC0CACC28 /* [CP] Check Pods Manifest.lock */ = {
			isa = PBXShellScriptBuildPhase;
			buildActionMask = 2147483647;
			files = (
			);
			inputPaths = (
			);
			name = "[CP] Check Pods Manifest.lock";
			outputPaths = (
			);
			runOnlyForDeploymentPostprocessing = 0;
			shellPath = /bin/sh;
			shellScript = "diff \"${PODS_ROOT}/../Podfile.lock\" \"${PODS_ROOT}/Manifest.lock\" > /dev/null\nif [ $? != 0 ] ; then\n    # print error to STDERR\n    echo \"error: The sandbox is not in sync with the Podfile.lock. Run 'pod install' or update your CocoaPods installation.\" >&2\n    exit 1\nfi\n";
			showEnvVarsInLog = 0;
		};
/* End PBXShellScriptBuildPhase section */

/* Begin PBXSourcesBuildPhase section */
		4E694A211DBEA3F200BB5867 /* Sources */ = {
			isa = PBXSourcesBuildPhase;
			buildActionMask = 2147483647;
			files = (
				4E79A7061DBF1C1D009A8223 /* NetworkingService.swift in Sources */,
				4E79A7021DBF0AC8009A8223 /* SignUpViewController.swift in Sources */,
				4E79A7001DBF0A79009A8223 /* LogInViewController.swift in Sources */,
				4E694A291DBEA3F300BB5867 /* AppDelegate.swift in Sources */,
				4E79A7041DBF0B09009A8223 /* ResetPasswordViewController.swift in Sources */,
			);
			runOnlyForDeploymentPostprocessing = 0;
		};
/* End PBXSourcesBuildPhase section */

/* Begin PBXVariantGroup section */
		4E694A2C1DBEA3F300BB5867 /* Main.storyboard */ = {
			isa = PBXVariantGroup;
			children = (
				4E694A2D1DBEA3F300BB5867 /* Base */,
			);
			name = Main.storyboard;
			sourceTree = "<group>";
		};
		4E694A311DBEA3F300BB5867 /* LaunchScreen.storyboard */ = {
			isa = PBXVariantGroup;
			children = (
				4E694A321DBEA3F300BB5867 /* Base */,
			);
			name = LaunchScreen.storyboard;
			sourceTree = "<group>";
		};
/* End PBXVariantGroup section */

/* Begin XCBuildConfiguration section */
		4E694A351DBEA3F300BB5867 /* Debug */ = {
			isa = XCBuildConfiguration;
			buildSettings = {
				ALWAYS_SEARCH_USER_PATHS = NO;
				CLANG_ANALYZER_NONNULL = YES;
				CLANG_CXX_LANGUAGE_STANDARD = "gnu++0x";
				CLANG_CXX_LIBRARY = "libc++";
				CLANG_ENABLE_MODULES = YES;
				CLANG_ENABLE_OBJC_ARC = YES;
				CLANG_WARN_BOOL_CONVERSION = YES;
				CLANG_WARN_CONSTANT_CONVERSION = YES;
				CLANG_WARN_DIRECT_OBJC_ISA_USAGE = YES_ERROR;
				CLANG_WARN_DOCUMENTATION_COMMENTS = YES;
				CLANG_WARN_EMPTY_BODY = YES;
				CLANG_WARN_ENUM_CONVERSION = YES;
				CLANG_WARN_INFINITE_RECURSION = YES;
				CLANG_WARN_INT_CONVERSION = YES;
				CLANG_WARN_OBJC_ROOT_CLASS = YES_ERROR;
				CLANG_WARN_SUSPICIOUS_MOVES = YES;
				CLANG_WARN_UNREACHABLE_CODE = YES;
				CLANG_WARN__DUPLICATE_METHOD_MATCH = YES;
				"CODE_SIGN_IDENTITY[sdk=iphoneos*]" = "iPhone Developer";
				COPY_PHASE_STRIP = NO;
				DEBUG_INFORMATION_FORMAT = dwarf;
				ENABLE_STRICT_OBJC_MSGSEND = YES;
				ENABLE_TESTABILITY = YES;
				GCC_C_LANGUAGE_STANDARD = gnu99;
				GCC_DYNAMIC_NO_PIC = NO;
				GCC_NO_COMMON_BLOCKS = YES;
				GCC_OPTIMIZATION_LEVEL = 0;
				GCC_PREPROCESSOR_DEFINITIONS = (
					"DEBUG=1",
					"$(inherited)",
				);
				GCC_WARN_64_TO_32_BIT_CONVERSION = YES;
				GCC_WARN_ABOUT_RETURN_TYPE = YES_ERROR;
				GCC_WARN_UNDECLARED_SELECTOR = YES;
				GCC_WARN_UNINITIALIZED_AUTOS = YES_AGGRESSIVE;
				GCC_WARN_UNUSED_FUNCTION = YES;
				GCC_WARN_UNUSED_VARIABLE = YES;
				IPHONEOS_DEPLOYMENT_TARGET = 10.0;
				MTL_ENABLE_DEBUG_INFO = YES;
				ONLY_ACTIVE_ARCH = YES;
				SDKROOT = iphoneos;
				SWIFT_ACTIVE_COMPILATION_CONDITIONS = DEBUG;
				SWIFT_OPTIMIZATION_LEVEL = "-Onone";
				TARGETED_DEVICE_FAMILY = "1,2";
			};
			name = Debug;
		};
		4E694A361DBEA3F300BB5867 /* Release */ = {
			isa = XCBuildConfiguration;
			buildSettings = {
				ALWAYS_SEARCH_USER_PATHS = NO;
				CLANG_ANALYZER_NONNULL = YES;
				CLANG_CXX_LANGUAGE_STANDARD = "gnu++0x";
				CLANG_CXX_LIBRARY = "libc++";
				CLANG_ENABLE_MODULES = YES;
				CLANG_ENABLE_OBJC_ARC = YES;
				CLANG_WARN_BOOL_CONVERSION = YES;
				CLANG_WARN_CONSTANT_CONVERSION = YES;
				CLANG_WARN_DIRECT_OBJC_ISA_USAGE = YES_ERROR;
				CLANG_WARN_DOCUMENTATION_COMMENTS = YES;
				CLANG_WARN_EMPTY_BODY = YES;
				CLANG_WARN_ENUM_CONVERSION = YES;
				CLANG_WARN_INFINITE_RECURSION = YES;
				CLANG_WARN_INT_CONVERSION = YES;
				CLANG_WARN_OBJC_ROOT_CLASS = YES_ERROR;
				CLANG_WARN_SUSPICIOUS_MOVES = YES;
				CLANG_WARN_UNREACHABLE_CODE = YES;
				CLANG_WARN__DUPLICATE_METHOD_MATCH = YES;
				"CODE_SIGN_IDENTITY[sdk=iphoneos*]" = "iPhone Developer";
				COPY_PHASE_STRIP = NO;
				DEBUG_INFORMATION_FORMAT = "dwarf-with-dsym";
				ENABLE_NS_ASSERTIONS = NO;
				ENABLE_STRICT_OBJC_MSGSEND = YES;
				GCC_C_LANGUAGE_STANDARD = gnu99;
				GCC_NO_COMMON_BLOCKS = YES;
				GCC_WARN_64_TO_32_BIT_CONVERSION = YES;
				GCC_WARN_ABOUT_RETURN_TYPE = YES_ERROR;
				GCC_WARN_UNDECLARED_SELECTOR = YES;
				GCC_WARN_UNINITIALIZED_AUTOS = YES_AGGRESSIVE;
				GCC_WARN_UNUSED_FUNCTION = YES;
				GCC_WARN_UNUSED_VARIABLE = YES;
				IPHONEOS_DEPLOYMENT_TARGET = 10.0;
				MTL_ENABLE_DEBUG_INFO = NO;
				SDKROOT = iphoneos;
				SWIFT_OPTIMIZATION_LEVEL = "-Owholemodule";
				TARGETED_DEVICE_FAMILY = "1,2";
				VALIDATE_PRODUCT = YES;
			};
			name = Release;
		};
		4E694A381DBEA3F300BB5867 /* Debug */ = {
			isa = XCBuildConfiguration;
			baseConfigurationReference = 143D67DECB2BEA6FFDC8CD1C /* Pods-PasswordRecovery.debug.xcconfig */;
			buildSettings = {
				ASSETCATALOG_COMPILER_APPICON_NAME = AppIcon;
				"CODE_SIGN_IDENTITY[sdk=iphoneos*]" = "iPhone Developer";
				DEVELOPMENT_TEAM = TLRQEGA7H3;
				INFOPLIST_FILE = PasswordRecovery/Info.plist;
				LD_RUNPATH_SEARCH_PATHS = "$(inherited) @executable_path/Frameworks";
				PRODUCT_BUNDLE_IDENTIFIER = com.patrice.PasswordRecovery;
				PRODUCT_NAME = "$(TARGET_NAME)";
				SWIFT_VERSION = 3.0;
				TARGETED_DEVICE_FAMILY = 1;
			};
			name = Debug;
		};
		4E694A391DBEA3F300BB5867 /* Release */ = {
			isa = XCBuildConfiguration;
			baseConfigurationReference = 9744D606D322F24C560656CC /* Pods-PasswordRecovery.release.xcconfig */;
			buildSettings = {
				ASSETCATALOG_COMPILER_APPICON_NAME = AppIcon;
				"CODE_SIGN_IDENTITY[sdk=iphoneos*]" = "iPhone Developer";
				DEVELOPMENT_TEAM = TLRQEGA7H3;
				INFOPLIST_FILE = PasswordRecovery/Info.plist;
				LD_RUNPATH_SEARCH_PATHS = "$(inherited) @executable_path/Frameworks";
				PRODUCT_BUNDLE_IDENTIFIER = com.patrice.PasswordRecovery;
				PRODUCT_NAME = "$(TARGET_NAME)";
				SWIFT_VERSION = 3.0;
				TARGETED_DEVICE_FAMILY = 1;
			};
			name = Release;
		};
/* End XCBuildConfiguration section */

/* Begin XCConfigurationList section */
		4E694A201DBEA3F200BB5867 /* Build configuration list for PBXProject "PasswordRecovery" */ = {
			isa = XCConfigurationList;
			buildConfigurations = (
				4E694A351DBEA3F300BB5867 /* Debug */,
				4E694A361DBEA3F300BB5867 /* Release */,
			);
			defaultConfigurationIsVisible = 0;
			defaultConfigurationName = Release;
		};
		4E694A371DBEA3F300BB5867 /* Build configuration list for PBXNativeTarget "PasswordRecovery" */ = {
			isa = XCConfigurationList;
			buildConfigurations = (
				4E694A381DBEA3F300BB5867 /* Debug */,
				4E694A391DBEA3F300BB5867 /* Release */,
			);
			defaultConfigurationIsVisible = 0;
			defaultConfigurationName = Release;
		};
/* End XCConfigurationList section */
	};
	rootObject = 4E694A1D1DBEA3F200BB5867 /* Project object */;
}
